
Microsoft Visual Studio Solution File, Format Version 12.00
# Visual Studio Version 17
VisualStudioVersion = 17.3.32901.215
MinimumVisualStudioVersion = 10.0.40219.1
Project("{9A19103F-16F7-4668-BE54-9A1E7A4F7556}") = "BudgetBuilder", "BudgetBuilder.csproj", "{09B95A38-095E-4197-B0B3-FA359A264C42}"
EndProject
Global
	GlobalSection(SolutionConfigurationPlatforms) = preSolution
		Debug|Any CPU = Debug|Any CPU
		Release|Any CPU = Release|Any CPU
	EndGlobalSection
	GlobalSection(ProjectConfigurationPlatforms) = postSolution
		{09B95A38-095E-4197-B0B3-FA359A264C42}.Debug|Any CPU.ActiveCfg = Debug|Any CPU
		{09B95A38-095E-4197-B0B3-FA359A264C42}.Debug|Any CPU.Build.0 = Debug|Any CPU
		{09B95A38-095E-4197-B0B3-FA359A264C42}.Release|Any CPU.ActiveCfg = Release|Any CPU
		{09B95A38-095E-4197-B0B3-FA359A264C42}.Release|Any CPU.Build.0 = Release|Any CPU
	EndGlobalSection
	GlobalSection(SolutionProperties) = preSolution
		HideSolutionNode = FALSE
	EndGlobalSection
	GlobalSection(ExtensibilityGlobals) = postSolution
		SolutionGuid = {6A4DF437-0FBD-48A8-93A7-2F5629F9ACA5}
	EndGlobalSection
EndGlobal
